
Microsoft Visual Studio Solution File, Format Version 12.00
# Visual Studio Version 17
VisualStudioVersion = 17.7.34024.191
MinimumVisualStudioVersion = 10.0.40219.1
Project("{9A19103F-16F7-4668-BE54-9A1E7A4F7556}") = "VehiculeProject", "VehiculeProject\VehiculeProject.csproj", "{6F3226F8-4DE2-421E-9048-7D2505951E11}"
EndProject
Global
	GlobalSection(SolutionConfigurationPlatforms) = preSolution
		Debug|Any CPU = Debug|Any CPU
		Debug|ARM64 = Debug|ARM64
		Release|Any CPU = Release|Any CPU
		Release|ARM64 = Release|ARM64
	EndGlobalSection
	GlobalSection(ProjectConfigurationPlatforms) = postSolution
		{6F3226F8-4DE2-421E-9048-7D2505951E11}.Debug|Any CPU.ActiveCfg = Debug|Any CPU
		{6F3226F8-4DE2-421E-9048-7D2505951E11}.Debug|Any CPU.Build.0 = Debug|Any CPU
		{6F3226F8-4DE2-421E-9048-7D2505951E11}.Debug|ARM64.ActiveCfg = Debug|ARM64
		{6F3226F8-4DE2-421E-9048-7D2505951E11}.Debug|ARM64.Build.0 = Debug|ARM64
		{6F3226F8-4DE2-421E-9048-7D2505951E11}.Release|Any CPU.ActiveCfg = Release|Any CPU
		{6F3226F8-4DE2-421E-9048-7D2505951E11}.Release|Any CPU.Build.0 = Release|Any CPU
		{6F3226F8-4DE2-421E-9048-7D2505951E11}.Release|ARM64.ActiveCfg = Release|Any CPU
		{6F3226F8-4DE2-421E-9048-7D2505951E11}.Release|ARM64.Build.0 = Release|Any CPU
	EndGlobalSection
	GlobalSection(SolutionProperties) = preSolution
		HideSolutionNode = FALSE
	EndGlobalSection
	GlobalSection(ExtensibilityGlobals) = postSolution
		SolutionGuid = {B79304C6-828E-4529-88E0-C7B1DE8B4FD6}
	EndGlobalSection
EndGlobal
